
Microsoft Visual Studio Solution File, Format Version 12.00
# Visual Studio Version 17
VisualStudioVersion = 17.0.31903.59
MinimumVisualStudioVersion = 10.0.40219.1
Project("{2150E333-8FDC-42A3-9474-1A3956D46DE8}") = "Auth.Microservice", "Auth.Microservice", "{7617D7AD-7BDF-0661-E3F2-3CB94F867899}"
EndProject
Project("{2150E333-8FDC-42A3-9474-1A3956D46DE8}") = "src", "src", "{74D1B0A4-937C-8605-D9FF-605E6C8E1AB3}"
EndProject
Project("{FAE04EC0-301F-11D3-BF4B-00C04F79EFBC}") = "Auth.API", "Auth.Microservice\src\Auth.API\Auth.API.csproj", "{6E589D50-6341-4B4A-B461-60D2EFA84050}"
EndProject
Project("{FAE04EC0-301F-11D3-BF4B-00C04F79EFBC}") = "Auth.Application", "Auth.Microservice\src\Auth.Application\Auth.Application.csproj", "{308B3FAE-2079-4F5E-8D13-FDF1E88AB28C}"
EndProject
Project("{FAE04EC0-301F-11D3-BF4B-00C04F79EFBC}") = "Auth.Domain", "Auth.Microservice\src\Auth.Domain\Auth.Domain.csproj", "{F39532E6-2D16-4F5D-8B33-36F1FECE14FC}"
EndProject
Project("{FAE04EC0-301F-11D3-BF4B-00C04F79EFBC}") = "Auth.Infrastructure", "Auth.Microservice\src\Auth.Infrastructure\Auth.Infrastructure.csproj", "{C55B49A5-EDD6-4B69-8503-66DFFD74FF3B}"
EndProject
Project("{2150E333-8FDC-42A3-9474-1A3956D46DE8}") = "Property.Microservice", "Property.Microservice", "{69FD7975-CA15-7360-AE4A-A5543B9727D9}"
EndProject
Project("{2150E333-8FDC-42A3-9474-1A3956D46DE8}") = "src", "src", "{85C9ACE0-F987-7BF2-C6F4-EBAA75B78960}"
EndProject
Project("{FAE04EC0-301F-11D3-BF4B-00C04F79EFBC}") = "Property.API", "Property.Microservice\src\Property.API\Property.API.csproj", "{1868FA8D-2E0C-482B-82AF-262B0D33336F}"
EndProject
Project("{FAE04EC0-301F-11D3-BF4B-00C04F79EFBC}") = "Property.Application", "Property.Microservice\src\Property.Application\Property.Application.csproj", "{3360D28F-72BF-47A0-831A-2CAC210E955B}"
EndProject
Project("{FAE04EC0-301F-11D3-BF4B-00C04F79EFBC}") = "Property.Domain", "Property.Microservice\src\Property.Domain\Property.Domain.csproj", "{001455C6-D021-4803-AC3B-7EC341863490}"
EndProject
Project("{FAE04EC0-301F-11D3-BF4B-00C04F79EFBC}") = "Property.Infrastructure", "Property.Microservice\src\Property.Infrastructure\Property.Infrastructure.csproj", "{F3703282-2A6C-4F07-8D01-52419C73DDFD}"
EndProject
Project("{2150E333-8FDC-42A3-9474-1A3956D46DE8}") = "Reservation.Microservice", "Reservation.Microservice", "{7F54F199-7B5B-990D-85EA-1C556175F618}"
EndProject
Project("{2150E333-8FDC-42A3-9474-1A3956D46DE8}") = "src", "src", "{1C0217DE-9B3F-B250-C386-A37D2F17B68C}"
EndProject
Project("{FAE04EC0-301F-11D3-BF4B-00C04F79EFBC}") = "Reservation.API", "Reservation.Microservice\src\Reservation.API\Reservation.API.csproj", "{4733C45A-56AC-42B8-8938-546BEB967B93}"
EndProject
Project("{FAE04EC0-301F-11D3-BF4B-00C04F79EFBC}") = "Reservation.Application", "Reservation.Microservice\src\Reservation.Application\Reservation.Application.csproj", "{8840BCEE-F236-4F9D-B6B4-C14129ED226D}"
EndProject
Project("{FAE04EC0-301F-11D3-BF4B-00C04F79EFBC}") = "Reservation.Domain", "Reservation.Microservice\src\Reservation.Domain\Reservation.Domain.csproj", "{4F29E4FD-EF77-4AD4-8B28-21245E010A43}"
EndProject
Project("{FAE04EC0-301F-11D3-BF4B-00C04F79EFBC}") = "Reservation.Infrastructure", "Reservation.Microservice\src\Reservation.Infrastructure\Reservation.Infrastructure.csproj", "{37E79CFE-1090-4802-A1DC-B2E0CE28C2B5}"
EndProject
Project("{2150E333-8FDC-42A3-9474-1A3956D46DE8}") = "Payment.Microservice", "Payment.Microservice", "{C6178C9B-E5CD-5A9A-BADC-29E34010CDC8}"
EndProject
Project("{2150E333-8FDC-42A3-9474-1A3956D46DE8}") = "src", "src", "{E8345DBC-ABA2-FB0F-CD64-8D7FCDBF8455}"
EndProject
Project("{FAE04EC0-301F-11D3-BF4B-00C04F79EFBC}") = "Payment.API", "Payment.Microservice\src\Payment.API\Payment.API.csproj", "{59BA53DC-AC1D-4DAA-9546-DC7691E50148}"
EndProject
Project("{FAE04EC0-301F-11D3-BF4B-00C04F79EFBC}") = "Payment.Application", "Payment.Microservice\src\Payment.Application\Payment.Application.csproj", "{F2DBB4F8-F937-4FBC-97C4-241E28D17739}"
EndProject
Project("{FAE04EC0-301F-11D3-BF4B-00C04F79EFBC}") = "Payment.Domain", "Payment.Microservice\src\Payment.Domain\Payment.Domain.csproj", "{9706F9B7-28F6-4E5A-87BB-C05864EDDF4D}"
EndProject
Project("{FAE04EC0-301F-11D3-BF4B-00C04F79EFBC}") = "Payment.Infrastructure", "Payment.Microservice\src\Payment.Infrastructure\Payment.Infrastructure.csproj", "{1FC5A136-555B-4664-AD08-4CF70EAA4D41}"
EndProject
Project("{2150E333-8FDC-42A3-9474-1A3956D46DE8}") = "Email.Microservice", "Email.Microservice", "{67AC0E71-15A6-9516-7D85-2C64753EE5F9}"
EndProject
Project("{2150E333-8FDC-42A3-9474-1A3956D46DE8}") = "src", "src", "{845ADEDE-8310-5544-01F1-E8A8FF6C225D}"
EndProject
Project("{FAE04EC0-301F-11D3-BF4B-00C04F79EFBC}") = "Email.API", "Email.Microservice\src\Email.API\Email.API.csproj", "{BE530C11-74E2-443C-90BC-EEDC98B96B34}"
EndProject
Project("{FAE04EC0-301F-11D3-BF4B-00C04F79EFBC}") = "Email.Application", "Email.Microservice\src\Email.Application\Email.Application.csproj", "{1C00C116-25B0-45F2-8615-61B901810329}"
EndProject
Project("{FAE04EC0-301F-11D3-BF4B-00C04F79EFBC}") = "Email.Domain", "Email.Microservice\src\Email.Domain\Email.Domain.csproj", "{4B6874A5-A0A8-459C-9F10-13AC810C7E81}"
EndProject
Project("{FAE04EC0-301F-11D3-BF4B-00C04F79EFBC}") = "Email.Infrastructure", "Email.Microservice\src\Email.Infrastructure\Email.Infrastructure.csproj", "{5AD515A3-4260-4569-9D9E-A0A971E11412}"
EndProject
Global
	GlobalSection(SolutionConfigurationPlatforms) = preSolution
		Debug|Any CPU = Debug|Any CPU
		Debug|x64 = Debug|x64
		Debug|x86 = Debug|x86
		Release|Any CPU = Release|Any CPU
		Release|x64 = Release|x64
		Release|x86 = Release|x86
	EndGlobalSection
	GlobalSection(ProjectConfigurationPlatforms) = postSolution
		{6E589D50-6341-4B4A-B461-60D2EFA84050}.Debug|Any CPU.ActiveCfg = Debug|Any CPU
		{6E589D50-6341-4B4A-B461-60D2EFA84050}.Debug|Any CPU.Build.0 = Debug|Any CPU
		{6E589D50-6341-4B4A-B461-60D2EFA84050}.Debug|x64.ActiveCfg = Debug|Any CPU
		{6E589D50-6341-4B4A-B461-60D2EFA84050}.Debug|x64.Build.0 = Debug|Any CPU
		{6E589D50-6341-4B4A-B461-60D2EFA84050}.Debug|x86.ActiveCfg = Debug|Any CPU
		{6E589D50-6341-4B4A-B461-60D2EFA84050}.Debug|x86.Build.0 = Debug|Any CPU
		{6E589D50-6341-4B4A-B461-60D2EFA84050}.Release|Any CPU.ActiveCfg = Release|Any CPU
		{6E589D50-6341-4B4A-B461-60D2EFA84050}.Release|Any CPU.Build.0 = Release|Any CPU
		{6E589D50-6341-4B4A-B461-60D2EFA84050}.Release|x64.ActiveCfg = Release|Any CPU
		{6E589D50-6341-4B4A-B461-60D2EFA84050}.Release|x64.Build.0 = Release|Any CPU
		{6E589D50-6341-4B4A-B461-60D2EFA84050}.Release|x86.ActiveCfg = Release|Any CPU
		{6E589D50-6341-4B4A-B461-60D2EFA84050}.Release|x86.Build.0 = Release|Any CPU
		{308B3FAE-2079-4F5E-8D13-FDF1E88AB28C}.Debug|Any CPU.ActiveCfg = Debug|Any CPU
		{308B3FAE-2079-4F5E-8D13-FDF1E88AB28C}.Debug|Any CPU.Build.0 = Debug|Any CPU
		{308B3FAE-2079-4F5E-8D13-FDF1E88AB28C}.Debug|x64.ActiveCfg = Debug|Any CPU
		{308B3FAE-2079-4F5E-8D13-FDF1E88AB28C}.Debug|x64.Build.0 = Debug|Any CPU
		{308B3FAE-2079-4F5E-8D13-FDF1E88AB28C}.Debug|x86.ActiveCfg = Debug|Any CPU
		{308B3FAE-2079-4F5E-8D13-FDF1E88AB28C}.Debug|x86.Build.0 = Debug|Any CPU
		{308B3FAE-2079-4F5E-8D13-FDF1E88AB28C}.Release|Any CPU.ActiveCfg = Release|Any CPU
		{308B3FAE-2079-4F5E-8D13-FDF1E88AB28C}.Release|Any CPU.Build.0 = Release|Any CPU
		{308B3FAE-2079-4F5E-8D13-FDF1E88AB28C}.Release|x64.ActiveCfg = Release|Any CPU
		{308B3FAE-2079-4F5E-8D13-FDF1E88AB28C}.Release|x64.Build.0 = Release|Any CPU
		{308B3FAE-2079-4F5E-8D13-FDF1E88AB28C}.Release|x86.ActiveCfg = Release|Any CPU
		{308B3FAE-2079-4F5E-8D13-FDF1E88AB28C}.Release|x86.Build.0 = Release|Any CPU
		{F39532E6-2D16-4F5D-8B33-36F1FECE14FC}.Debug|Any CPU.ActiveCfg = Debug|Any CPU
		{F39532E6-2D16-4F5D-8B33-36F1FECE14FC}.Debug|Any CPU.Build.0 = Debug|Any CPU
		{F39532E6-2D16-4F5D-8B33-36F1FECE14FC}.Debug|x64.ActiveCfg = Debug|Any CPU
		{F39532E6-2D16-4F5D-8B33-36F1FECE14FC}.Debug|x64.Build.0 = Debug|Any CPU
		{F39532E6-2D16-4F5D-8B33-36F1FECE14FC}.Debug|x86.ActiveCfg = Debug|Any CPU
		{F39532E6-2D16-4F5D-8B33-36F1FECE14FC}.Debug|x86.Build.0 = Debug|Any CPU
		{F39532E6-2D16-4F5D-8B33-36F1FECE14FC}.Release|Any CPU.ActiveCfg = Release|Any CPU
		{F39532E6-2D16-4F5D-8B33-36F1FECE14FC}.Release|Any CPU.Build.0 = Release|Any CPU
		{F39532E6-2D16-4F5D-8B33-36F1FECE14FC}.Release|x64.ActiveCfg = Release|Any CPU
		{F39532E6-2D16-4F5D-8B33-36F1FECE14FC}.Release|x64.Build.0 = Release|Any CPU
		{F39532E6-2D16-4F5D-8B33-36F1FECE14FC}.Release|x86.ActiveCfg = Release|Any CPU
		{F39532E6-2D16-4F5D-8B33-36F1FECE14FC}.Release|x86.Build.0 = Release|Any CPU
		{C55B49A5-EDD6-4B69-8503-66DFFD74FF3B}.Debug|Any CPU.ActiveCfg = Debug|Any CPU
		{C55B49A5-EDD6-4B69-8503-66DFFD74FF3B}.Debug|Any CPU.Build.0 = Debug|Any CPU
		{C55B49A5-EDD6-4B69-8503-66DFFD74FF3B}.Debug|x64.ActiveCfg = Debug|Any CPU
		{C55B49A5-EDD6-4B69-8503-66DFFD74FF3B}.Debug|x64.Build.0 = Debug|Any CPU
		{C55B49A5-EDD6-4B69-8503-66DFFD74FF3B}.Debug|x86.ActiveCfg = Debug|Any CPU
		{C55B49A5-EDD6-4B69-8503-66DFFD74FF3B}.Debug|x86.Build.0 = Debug|Any CPU
		{C55B49A5-EDD6-4B69-8503-66DFFD74FF3B}.Release|Any CPU.ActiveCfg = Release|Any CPU
		{C55B49A5-EDD6-4B69-8503-66DFFD74FF3B}.Release|Any CPU.Build.0 = Release|Any CPU
		{C55B49A5-EDD6-4B69-8503-66DFFD74FF3B}.Release|x64.ActiveCfg = Release|Any CPU
		{C55B49A5-EDD6-4B69-8503-66DFFD74FF3B}.Release|x64.Build.0 = Release|Any CPU
		{C55B49A5-EDD6-4B69-8503-66DFFD74FF3B}.Release|x86.ActiveCfg = Release|Any CPU
		{C55B49A5-EDD6-4B69-8503-66DFFD74FF3B}.Release|x86.Build.0 = Release|Any CPU
		{1868FA8D-2E0C-482B-82AF-262B0D33336F}.Debug|Any CPU.ActiveCfg = Debug|Any CPU
		{1868FA8D-2E0C-482B-82AF-262B0D33336F}.Debug|Any CPU.Build.0 = Debug|Any CPU
		{1868FA8D-2E0C-482B-82AF-262B0D33336F}.Debug|x64.ActiveCfg = Debug|Any CPU
		{1868FA8D-2E0C-482B-82AF-262B0D33336F}.Debug|x64.Build.0 = Debug|Any CPU
		{1868FA8D-2E0C-482B-82AF-262B0D33336F}.Debug|x86.ActiveCfg = Debug|Any CPU
		{1868FA8D-2E0C-482B-82AF-262B0D33336F}.Debug|x86.Build.0 = Debug|Any CPU
		{1868FA8D-2E0C-482B-82AF-262B0D33336F}.Release|Any CPU.ActiveCfg = Release|Any CPU
		{1868FA8D-2E0C-482B-82AF-262B0D33336F}.Release|Any CPU.Build.0 = Release|Any CPU
		{1868FA8D-2E0C-482B-82AF-262B0D33336F}.Release|x64.ActiveCfg = Release|Any CPU
		{1868FA8D-2E0C-482B-82AF-262B0D33336F}.Release|x64.Build.0 = Release|Any CPU
		{1868FA8D-2E0C-482B-82AF-262B0D33336F}.Release|x86.ActiveCfg = Release|Any CPU
		{1868FA8D-2E0C-482B-82AF-262B0D33336F}.Release|x86.Build.0 = Release|Any CPU
		{3360D28F-72BF-47A0-831A-2CAC210E955B}.Debug|Any CPU.ActiveCfg = Debug|Any CPU
		{3360D28F-72BF-47A0-831A-2CAC210E955B}.Debug|Any CPU.Build.0 = Debug|Any CPU
		{3360D28F-72BF-47A0-831A-2CAC210E955B}.Debug|x64.ActiveCfg = Debug|Any CPU
		{3360D28F-72BF-47A0-831A-2CAC210E955B}.Debug|x64.Build.0 = Debug|Any CPU
		{3360D28F-72BF-47A0-831A-2CAC210E955B}.Debug|x86.ActiveCfg = Debug|Any CPU
		{3360D28F-72BF-47A0-831A-2CAC210E955B}.Debug|x86.Build.0 = Debug|Any CPU
		{3360D28F-72BF-47A0-831A-2CAC210E955B}.Release|Any CPU.ActiveCfg = Release|Any CPU
		{3360D28F-72BF-47A0-831A-2CAC210E955B}.Release|Any CPU.Build.0 = Release|Any CPU
		{3360D28F-72BF-47A0-831A-2CAC210E955B}.Release|x64.ActiveCfg = Release|Any CPU
		{3360D28F-72BF-47A0-831A-2CAC210E955B}.Release|x64.Build.0 = Release|Any CPU
		{3360D28F-72BF-47A0-831A-2CAC210E955B}.Release|x86.ActiveCfg = Release|Any CPU
		{3360D28F-72BF-47A0-831A-2CAC210E955B}.Release|x86.Build.0 = Release|Any CPU
		{001455C6-D021-4803-AC3B-7EC341863490}.Debug|Any CPU.ActiveCfg = Debug|Any CPU
		{001455C6-D021-4803-AC3B-7EC341863490}.Debug|Any CPU.Build.0 = Debug|Any CPU
		{001455C6-D021-4803-AC3B-7EC341863490}.Debug|x64.ActiveCfg = Debug|Any CPU
		{001455C6-D021-4803-AC3B-7EC341863490}.Debug|x64.Build.0 = Debug|Any CPU
		{001455C6-D021-4803-AC3B-7EC341863490}.Debug|x86.ActiveCfg = Debug|Any CPU
		{001455C6-D021-4803-AC3B-7EC341863490}.Debug|x86.Build.0 = Debug|Any CPU
		{001455C6-D021-4803-AC3B-7EC341863490}.Release|Any CPU.ActiveCfg = Release|Any CPU
		{001455C6-D021-4803-AC3B-7EC341863490}.Release|Any CPU.Build.0 = Release|Any CPU
		{001455C6-D021-4803-AC3B-7EC341863490}.Release|x64.ActiveCfg = Release|Any CPU
		{001455C6-D021-4803-AC3B-7EC341863490}.Release|x64.Build.0 = Release|Any CPU
		{001455C6-D021-4803-AC3B-7EC341863490}.Release|x86.ActiveCfg = Release|Any CPU
		{001455C6-D021-4803-AC3B-7EC341863490}.Release|x86.Build.0 = Release|Any CPU
		{F3703282-2A6C-4F07-8D01-52419C73DDFD}.Debug|Any CPU.ActiveCfg = Debug|Any CPU
		{F3703282-2A6C-4F07-8D01-52419C73DDFD}.Debug|Any CPU.Build.0 = Debug|Any CPU
		{F3703282-2A6C-4F07-8D01-52419C73DDFD}.Debug|x64.ActiveCfg = Debug|Any CPU
		{F3703282-2A6C-4F07-8D01-52419C73DDFD}.Debug|x64.Build.0 = Debug|Any CPU
		{F3703282-2A6C-4F07-8D01-52419C73DDFD}.Debug|x86.ActiveCfg = Debug|Any CPU
		{F3703282-2A6C-4F07-8D01-52419C73DDFD}.Debug|x86.Build.0 = Debug|Any CPU
		{F3703282-2A6C-4F07-8D01-52419C73DDFD}.Release|Any CPU.ActiveCfg = Release|Any CPU
		{F3703282-2A6C-4F07-8D01-52419C73DDFD}.Release|Any CPU.Build.0 = Release|Any CPU
		{F3703282-2A6C-4F07-8D01-52419C73DDFD}.Release|x64.ActiveCfg = Release|Any CPU
		{F3703282-2A6C-4F07-8D01-52419C73DDFD}.Release|x64.Build.0 = Release|Any CPU
		{F3703282-2A6C-4F07-8D01-52419C73DDFD}.Release|x86.ActiveCfg = Release|Any CPU
		{F3703282-2A6C-4F07-8D01-52419C73DDFD}.Release|x86.Build.0 = Release|Any CPU
		{4733C45A-56AC-42B8-8938-546BEB967B93}.Debug|Any CPU.ActiveCfg = Debug|Any CPU
		{4733C45A-56AC-42B8-8938-546BEB967B93}.Debug|Any CPU.Build.0 = Debug|Any CPU
		{4733C45A-56AC-42B8-8938-546BEB967B93}.Debug|x64.ActiveCfg = Debug|Any CPU
		{4733C45A-56AC-42B8-8938-546BEB967B93}.Debug|x64.Build.0 = Debug|Any CPU
		{4733C45A-56AC-42B8-8938-546BEB967B93}.Debug|x86.ActiveCfg = Debug|Any CPU
		{4733C45A-56AC-42B8-8938-546BEB967B93}.Debug|x86.Build.0 = Debug|Any CPU
		{4733C45A-56AC-42B8-8938-546BEB967B93}.Release|Any CPU.ActiveCfg = Release|Any CPU
		{4733C45A-56AC-42B8-8938-546BEB967B93}.Release|Any CPU.Build.0 = Release|Any CPU
		{4733C45A-56AC-42B8-8938-546BEB967B93}.Release|x64.ActiveCfg = Release|Any CPU
		{4733C45A-56AC-42B8-8938-546BEB967B93}.Release|x64.Build.0 = Release|Any CPU
		{4733C45A-56AC-42B8-8938-546BEB967B93}.Release|x86.ActiveCfg = Release|Any CPU
		{4733C45A-56AC-42B8-8938-546BEB967B93}.Release|x86.Build.0 = Release|Any CPU
		{8840BCEE-F236-4F9D-B6B4-C14129ED226D}.Debug|Any CPU.ActiveCfg = Debug|Any CPU
		{8840BCEE-F236-4F9D-B6B4-C14129ED226D}.Debug|Any CPU.Build.0 = Debug|Any CPU
		{8840BCEE-F236-4F9D-B6B4-C14129ED226D}.Debug|x64.ActiveCfg = Debug|Any CPU
		{8840BCEE-F236-4F9D-B6B4-C14129ED226D}.Debug|x64.Build.0 = Debug|Any CPU
		{8840BCEE-F236-4F9D-B6B4-C14129ED226D}.Debug|x86.ActiveCfg = Debug|Any CPU
		{8840BCEE-F236-4F9D-B6B4-C14129ED226D}.Debug|x86.Build.0 = Debug|Any CPU
		{8840BCEE-F236-4F9D-B6B4-C14129ED226D}.Release|Any CPU.ActiveCfg = Release|Any CPU
		{8840BCEE-F236-4F9D-B6B4-C14129ED226D}.Release|Any CPU.Build.0 = Release|Any CPU
		{8840BCEE-F236-4F9D-B6B4-C14129ED226D}.Release|x64.ActiveCfg = Release|Any CPU
		{8840BCEE-F236-4F9D-B6B4-C14129ED226D}.Release|x64.Build.0 = Release|Any CPU
		{8840BCEE-F236-4F9D-B6B4-C14129ED226D}.Release|x86.ActiveCfg = Release|Any CPU
		{8840BCEE-F236-4F9D-B6B4-C14129ED226D}.Release|x86.Build.0 = Release|Any CPU
		{4F29E4FD-EF77-4AD4-8B28-21245E010A43}.Debug|Any CPU.ActiveCfg = Debug|Any CPU
		{4F29E4FD-EF77-4AD4-8B28-21245E010A43}.Debug|Any CPU.Build.0 = Debug|Any CPU
		{4F29E4FD-EF77-4AD4-8B28-21245E010A43}.Debug|x64.ActiveCfg = Debug|Any CPU
		{4F29E4FD-EF77-4AD4-8B28-21245E010A43}.Debug|x64.Build.0 = Debug|Any CPU
		{4F29E4FD-EF77-4AD4-8B28-21245E010A43}.Debug|x86.ActiveCfg = Debug|Any CPU
		{4F29E4FD-EF77-4AD4-8B28-21245E010A43}.Debug|x86.Build.0 = Debug|Any CPU
		{4F29E4FD-EF77-4AD4-8B28-21245E010A43}.Release|Any CPU.ActiveCfg = Release|Any CPU
		{4F29E4FD-EF77-4AD4-8B28-21245E010A43}.Release|Any CPU.Build.0 = Release|Any CPU
		{4F29E4FD-EF77-4AD4-8B28-21245E010A43}.Release|x64.ActiveCfg = Release|Any CPU
		{4F29E4FD-EF77-4AD4-8B28-21245E010A43}.Release|x64.Build.0 = Release|Any CPU
		{4F29E4FD-EF77-4AD4-8B28-21245E010A43}.Release|x86.ActiveCfg = Release|Any CPU
		{4F29E4FD-EF77-4AD4-8B28-21245E010A43}.Release|x86.Build.0 = Release|Any CPU
		{37E79CFE-1090-4802-A1DC-B2E0CE28C2B5}.Debug|Any CPU.ActiveCfg = Debug|Any CPU
		{37E79CFE-1090-4802-A1DC-B2E0CE28C2B5}.Debug|Any CPU.Build.0 = Debug|Any CPU
		{37E79CFE-1090-4802-A1DC-B2E0CE28C2B5}.Debug|x64.ActiveCfg = Debug|Any CPU
		{37E79CFE-1090-4802-A1DC-B2E0CE28C2B5}.Debug|x64.Build.0 = Debug|Any CPU
		{37E79CFE-1090-4802-A1DC-B2E0CE28C2B5}.Debug|x86.ActiveCfg = Debug|Any CPU
		{37E79CFE-1090-4802-A1DC-B2E0CE28C2B5}.Debug|x86.Build.0 = Debug|Any CPU
		{37E79CFE-1090-4802-A1DC-B2E0CE28C2B5}.Release|Any CPU.ActiveCfg = Release|Any CPU
		{37E79CFE-1090-4802-A1DC-B2E0CE28C2B5}.Release|Any CPU.Build.0 = Release|Any CPU
		{37E79CFE-1090-4802-A1DC-B2E0CE28C2B5}.Release|x64.ActiveCfg = Release|Any CPU
		{37E79CFE-1090-4802-A1DC-B2E0CE28C2B5}.Release|x64.Build.0 = Release|Any CPU
		{37E79CFE-1090-4802-A1DC-B2E0CE28C2B5}.Release|x86.ActiveCfg = Release|Any CPU
		{37E79CFE-1090-4802-A1DC-B2E0CE28C2B5}.Release|x86.Build.0 = Release|Any CPU
		{59BA53DC-AC1D-4DAA-9546-DC7691E50148}.Debug|Any CPU.ActiveCfg = Debug|Any CPU
		{59BA53DC-AC1D-4DAA-9546-DC7691E50148}.Debug|Any CPU.Build.0 = Debug|Any CPU
		{59BA53DC-AC1D-4DAA-9546-DC7691E50148}.Debug|x64.ActiveCfg = Debug|Any CPU
		{59BA53DC-AC1D-4DAA-9546-DC7691E50148}.Debug|x64.Build.0 = Debug|Any CPU
		{59BA53DC-AC1D-4DAA-9546-DC7691E50148}.Debug|x86.ActiveCfg = Debug|Any CPU
		{59BA53DC-AC1D-4DAA-9546-DC7691E50148}.Debug|x86.Build.0 = Debug|Any CPU
		{59BA53DC-AC1D-4DAA-9546-DC7691E50148}.Release|Any CPU.ActiveCfg = Release|Any CPU
		{59BA53DC-AC1D-4DAA-9546-DC7691E50148}.Release|Any CPU.Build.0 = Release|Any CPU
		{59BA53DC-AC1D-4DAA-9546-DC7691E50148}.Release|x64.ActiveCfg = Release|Any CPU
		{59BA53DC-AC1D-4DAA-9546-DC7691E50148}.Release|x64.Build.0 = Release|Any CPU
		{59BA53DC-AC1D-4DAA-9546-DC7691E50148}.Release|x86.ActiveCfg = Release|Any CPU
		{59BA53DC-AC1D-4DAA-9546-DC7691E50148}.Release|x86.Build.0 = Release|Any CPU
		{F2DBB4F8-F937-4FBC-97C4-241E28D17739}.Debug|Any CPU.ActiveCfg = Debug|Any CPU
		{F2DBB4F8-F937-4FBC-97C4-241E28D17739}.Debug|Any CPU.Build.0 = Debug|Any CPU
		{F2DBB4F8-F937-4FBC-97C4-241E28D17739}.Debug|x64.ActiveCfg = Debug|Any CPU
		{F2DBB4F8-F937-4FBC-97C4-241E28D17739}.Debug|x64.Build.0 = Debug|Any CPU
		{F2DBB4F8-F937-4FBC-97C4-241E28D17739}.Debug|x86.ActiveCfg = Debug|Any CPU
		{F2DBB4F8-F937-4FBC-97C4-241E28D17739}.Debug|x86.Build.0 = Debug|Any CPU
		{F2DBB4F8-F937-4FBC-97C4-241E28D17739}.Release|Any CPU.ActiveCfg = Release|Any CPU
		{F2DBB4F8-F937-4FBC-97C4-241E28D17739}.Release|Any CPU.Build.0 = Release|Any CPU
		{F2DBB4F8-F937-4FBC-97C4-241E28D17739}.Release|x64.ActiveCfg = Release|Any CPU
		{F2DBB4F8-F937-4FBC-97C4-241E28D17739}.Release|x64.Build.0 = Release|Any CPU
		{F2DBB4F8-F937-4FBC-97C4-241E28D17739}.Release|x86.ActiveCfg = Release|Any CPU
		{F2DBB4F8-F937-4FBC-97C4-241E28D17739}.Release|x86.Build.0 = Release|Any CPU
		{9706F9B7-28F6-4E5A-87BB-C05864EDDF4D}.Debug|Any CPU.ActiveCfg = Debug|Any CPU
		{9706F9B7-28F6-4E5A-87BB-C05864EDDF4D}.Debug|Any CPU.Build.0 = Debug|Any CPU
		{9706F9B7-28F6-4E5A-87BB-C05864EDDF4D}.Debug|x64.ActiveCfg = Debug|Any CPU
		{9706F9B7-28F6-4E5A-87BB-C05864EDDF4D}.Debug|x64.Build.0 = Debug|Any CPU
		{9706F9B7-28F6-4E5A-87BB-C05864EDDF4D}.Debug|x86.ActiveCfg = Debug|Any CPU
		{9706F9B7-28F6-4E5A-87BB-C05864EDDF4D}.Debug|x86.Build.0 = Debug|Any CPU
		{9706F9B7-28F6-4E5A-87BB-C05864EDDF4D}.Release|Any CPU.ActiveCfg = Release|Any CPU
		{9706F9B7-28F6-4E5A-87BB-C05864EDDF4D}.Release|Any CPU.Build.0 = Release|Any CPU
		{9706F9B7-28F6-4E5A-87BB-C05864EDDF4D}.Release|x64.ActiveCfg = Release|Any CPU
		{9706F9B7-28F6-4E5A-87BB-C05864EDDF4D}.Release|x64.Build.0 = Release|Any CPU
		{9706F9B7-28F6-4E5A-87BB-C05864EDDF4D}.Release|x86.ActiveCfg = Release|Any CPU
		{9706F9B7-28F6-4E5A-87BB-C05864EDDF4D}.Release|x86.Build.0 = Release|Any CPU
		{1FC5A136-555B-4664-AD08-4CF70EAA4D41}.Debug|Any CPU.ActiveCfg = Debug|Any CPU
		{1FC5A136-555B-4664-AD08-4CF70EAA4D41}.Debug|Any CPU.Build.0 = Debug|Any CPU
		{1FC5A136-555B-4664-AD08-4CF70EAA4D41}.Debug|x64.ActiveCfg = Debug|Any CPU
		{1FC5A136-555B-4664-AD08-4CF70EAA4D41}.Debug|x64.Build.0 = Debug|Any CPU
		{1FC5A136-555B-4664-AD08-4CF70EAA4D41}.Debug|x86.ActiveCfg = Debug|Any CPU
		{1FC5A136-555B-4664-AD08-4CF70EAA4D41}.Debug|x86.Build.0 = Debug|Any CPU
		{1FC5A136-555B-4664-AD08-4CF70EAA4D41}.Release|Any CPU.ActiveCfg = Release|Any CPU
		{1FC5A136-555B-4664-AD08-4CF70EAA4D41}.Release|Any CPU.Build.0 = Release|Any CPU
		{1FC5A136-555B-4664-AD08-4CF70EAA4D41}.Release|x64.ActiveCfg = Release|Any CPU
		{1FC5A136-555B-4664-AD08-4CF70EAA4D41}.Release|x64.Build.0 = Release|Any CPU
		{1FC5A136-555B-4664-AD08-4CF70EAA4D41}.Release|x86.ActiveCfg = Release|Any CPU
		{1FC5A136-555B-4664-AD08-4CF70EAA4D41}.Release|x86.Build.0 = Release|Any CPU
		{BE530C11-74E2-443C-90BC-EEDC98B96B34}.Debug|Any CPU.ActiveCfg = Debug|Any CPU
		{BE530C11-74E2-443C-90BC-EEDC98B96B34}.Debug|Any CPU.Build.0 = Debug|Any CPU
		{BE530C11-74E2-443C-90BC-EEDC98B96B34}.Debug|x64.ActiveCfg = Debug|Any CPU
		{BE530C11-74E2-443C-90BC-EEDC98B96B34}.Debug|x64.Build.0 = Debug|Any CPU
		{BE530C11-74E2-443C-90BC-EEDC98B96B34}.Debug|x86.ActiveCfg = Debug|Any CPU
		{BE530C11-74E2-443C-90BC-EEDC98B96B34}.Debug|x86.Build.0 = Debug|Any CPU
		{BE530C11-74E2-443C-90BC-EEDC98B96B34}.Release|Any CPU.ActiveCfg = Release|Any CPU
		{BE530C11-74E2-443C-90BC-EEDC98B96B34}.Release|Any CPU.Build.0 = Release|Any CPU
		{BE530C11-74E2-443C-90BC-EEDC98B96B34}.Release|x64.ActiveCfg = Release|Any CPU
		{BE530C11-74E2-443C-90BC-EEDC98B96B34}.Release|x64.Build.0 = Release|Any CPU
		{BE530C11-74E2-443C-90BC-EEDC98B96B34}.Release|x86.ActiveCfg = Release|Any CPU
		{BE530C11-74E2-443C-90BC-EEDC98B96B34}.Release|x86.Build.0 = Release|Any CPU
		{1C00C116-25B0-45F2-8615-61B901810329}.Debug|Any CPU.ActiveCfg = Debug|Any CPU
		{1C00C116-25B0-45F2-8615-61B901810329}.Debug|Any CPU.Build.0 = Debug|Any CPU
		{1C00C116-25B0-45F2-8615-61B901810329}.Debug|x64.ActiveCfg = Debug|Any CPU
		{1C00C116-25B0-45F2-8615-61B901810329}.Debug|x64.Build.0 = Debug|Any CPU
		{1C00C116-25B0-45F2-8615-61B901810329}.Debug|x86.ActiveCfg = Debug|Any CPU
		{1C00C116-25B0-45F2-8615-61B901810329}.Debug|x86.Build.0 = Debug|Any CPU
		{1C00C116-25B0-45F2-8615-61B901810329}.Release|Any CPU.ActiveCfg = Release|Any CPU
		{1C00C116-25B0-45F2-8615-61B901810329}.Release|Any CPU.Build.0 = Release|Any CPU
		{1C00C116-25B0-45F2-8615-61B901810329}.Release|x64.ActiveCfg = Release|Any CPU
		{1C00C116-25B0-45F2-8615-61B901810329}.Release|x64.Build.0 = Release|Any CPU
		{1C00C116-25B0-45F2-8615-61B901810329}.Release|x86.ActiveCfg = Release|Any CPU
		{1C00C116-25B0-45F2-8615-61B901810329}.Release|x86.Build.0 = Release|Any CPU
		{4B6874A5-A0A8-459C-9F10-13AC810C7E81}.Debug|Any CPU.ActiveCfg = Debug|Any CPU
		{4B6874A5-A0A8-459C-9F10-13AC810C7E81}.Debug|Any CPU.Build.0 = Debug|Any CPU
		{4B6874A5-A0A8-459C-9F10-13AC810C7E81}.Debug|x64.ActiveCfg = Debug|Any CPU
		{4B6874A5-A0A8-459C-9F10-13AC810C7E81}.Debug|x64.Build.0 = Debug|Any CPU
		{4B6874A5-A0A8-459C-9F10-13AC810C7E81}.Debug|x86.ActiveCfg = Debug|Any CPU
		{4B6874A5-A0A8-459C-9F10-13AC810C7E81}.Debug|x86.Build.0 = Debug|Any CPU
		{4B6874A5-A0A8-459C-9F10-13AC810C7E81}.Release|Any CPU.ActiveCfg = Release|Any CPU
		{4B6874A5-A0A8-459C-9F10-13AC810C7E81}.Release|Any CPU.Build.0 = Release|Any CPU
		{4B6874A5-A0A8-459C-9F10-13AC810C7E81}.Release|x64.ActiveCfg = Release|Any CPU
		{4B6874A5-A0A8-459C-9F10-13AC810C7E81}.Release|x64.Build.0 = Release|Any CPU
		{4B6874A5-A0A8-459C-9F10-13AC810C7E81}.Release|x86.ActiveCfg = Release|Any CPU
		{4B6874A5-A0A8-459C-9F10-13AC810C7E81}.Release|x86.Build.0 = Release|Any CPU
		{5AD515A3-4260-4569-9D9E-A0A971E11412}.Debug|Any CPU.ActiveCfg = Debug|Any CPU
		{5AD515A3-4260-4569-9D9E-A0A971E11412}.Debug|Any CPU.Build.0 = Debug|Any CPU
		{5AD515A3-4260-4569-9D9E-A0A971E11412}.Debug|x64.ActiveCfg = Debug|Any CPU
		{5AD515A3-4260-4569-9D9E-A0A971E11412}.Debug|x64.Build.0 = Debug|Any CPU
		{5AD515A3-4260-4569-9D9E-A0A971E11412}.Debug|x86.ActiveCfg = Debug|Any CPU
		{5AD515A3-4260-4569-9D9E-A0A971E11412}.Debug|x86.Build.0 = Debug|Any CPU
		{5AD515A3-4260-4569-9D9E-A0A971E11412}.Release|Any CPU.ActiveCfg = Release|Any CPU
		{5AD515A3-4260-4569-9D9E-A0A971E11412}.Release|Any CPU.Build.0 = Release|Any CPU
		{5AD515A3-4260-4569-9D9E-A0A971E11412}.Release|x64.ActiveCfg = Release|Any CPU
		{5AD515A3-4260-4569-9D9E-A0A971E11412}.Release|x64.Build.0 = Release|Any CPU
		{5AD515A3-4260-4569-9D9E-A0A971E11412}.Release|x86.ActiveCfg = Release|Any CPU
		{5AD515A3-4260-4569-9D9E-A0A971E11412}.Release|x86.Build.0 = Release|Any CPU
	EndGlobalSection
	GlobalSection(SolutionProperties) = preSolution
		HideSolutionNode = FALSE
	EndGlobalSection
	GlobalSection(NestedProjects) = preSolution
		{74D1B0A4-937C-8605-D9FF-605E6C8E1AB3} = {7617D7AD-7BDF-0661-E3F2-3CB94F867899}
		{6E589D50-6341-4B4A-B461-60D2EFA84050} = {74D1B0A4-937C-8605-D9FF-605E6C8E1AB3}
		{308B3FAE-2079-4F5E-8D13-FDF1E88AB28C} = {74D1B0A4-937C-8605-D9FF-605E6C8E1AB3}
		{F39532E6-2D16-4F5D-8B33-36F1FECE14FC} = {74D1B0A4-937C-8605-D9FF-605E6C8E1AB3}
		{C55B49A5-EDD6-4B69-8503-66DFFD74FF3B} = {74D1B0A4-937C-8605-D9FF-605E6C8E1AB3}
		{85C9ACE0-F987-7BF2-C6F4-EBAA75B78960} = {69FD7975-CA15-7360-AE4A-A5543B9727D9}
		{1868FA8D-2E0C-482B-82AF-262B0D33336F} = {85C9ACE0-F987-7BF2-C6F4-EBAA75B78960}
		{3360D28F-72BF-47A0-831A-2CAC210E955B} = {85C9ACE0-F987-7BF2-C6F4-EBAA75B78960}
		{001455C6-D021-4803-AC3B-7EC341863490} = {85C9ACE0-F987-7BF2-C6F4-EBAA75B78960}
		{F3703282-2A6C-4F07-8D01-52419C73DDFD} = {85C9ACE0-F987-7BF2-C6F4-EBAA75B78960}
		{1C0217DE-9B3F-B250-C386-A37D2F17B68C} = {7F54F199-7B5B-990D-85EA-1C556175F618}
		{4733C45A-56AC-42B8-8938-546BEB967B93} = {1C0217DE-9B3F-B250-C386-A37D2F17B68C}
		{8840BCEE-F236-4F9D-B6B4-C14129ED226D} = {1C0217DE-9B3F-B250-C386-A37D2F17B68C}
		{4F29E4FD-EF77-4AD4-8B28-21245E010A43} = {1C0217DE-9B3F-B250-C386-A37D2F17B68C}
		{37E79CFE-1090-4802-A1DC-B2E0CE28C2B5} = {1C0217DE-9B3F-B250-C386-A37D2F17B68C}
		{E8345DBC-ABA2-FB0F-CD64-8D7FCDBF8455} = {C6178C9B-E5CD-5A9A-BADC-29E34010CDC8}
		{59BA53DC-AC1D-4DAA-9546-DC7691E50148} = {E8345DBC-ABA2-FB0F-CD64-8D7FCDBF8455}
		{F2DBB4F8-F937-4FBC-97C4-241E28D17739} = {E8345DBC-ABA2-FB0F-CD64-8D7FCDBF8455}
		{9706F9B7-28F6-4E5A-87BB-C05864EDDF4D} = {E8345DBC-ABA2-FB0F-CD64-8D7FCDBF8455}
		{1FC5A136-555B-4664-AD08-4CF70EAA4D41} = {E8345DBC-ABA2-FB0F-CD64-8D7FCDBF8455}
		{845ADEDE-8310-5544-01F1-E8A8FF6C225D} = {67AC0E71-15A6-9516-7D85-2C64753EE5F9}
		{BE530C11-74E2-443C-90BC-EEDC98B96B34} = {845ADEDE-8310-5544-01F1-E8A8FF6C225D}
		{1C00C116-25B0-45F2-8615-61B901810329} = {845ADEDE-8310-5544-01F1-E8A8FF6C225D}
		{4B6874A5-A0A8-459C-9F10-13AC810C7E81} = {845ADEDE-8310-5544-01F1-E8A8FF6C225D}
		{5AD515A3-4260-4569-9D9E-A0A971E11412} = {845ADEDE-8310-5544-01F1-E8A8FF6C225D}
	EndGlobalSection
EndGlobal
