
Microsoft Visual Studio Solution File, Format Version 12.00
# Visual Studio Version 17
VisualStudioVersion = 17.0.31903.59
MinimumVisualStudioVersion = 10.0.40219.1
Project("{2150E333-8FDC-42A3-9474-1A3956D46DE8}") = "src", "src", "{827E0CD3-B72D-47B6-A68D-7590B98EB39B}"
EndProject
Project("{FAE04EC0-301F-11D3-BF4B-00C04F79EFBC}") = "Reservation.API", "src\Reservation.API\Reservation.API.csproj", "{46250681-22D0-48C7-93EB-CE7AAF88D426}"
EndProject
Project("{FAE04EC0-301F-11D3-BF4B-00C04F79EFBC}") = "Reservation.Application", "src\Reservation.Application\Reservation.Application.csproj", "{D56767E4-E033-42B3-A554-C05BF81E873F}"
EndProject
Project("{FAE04EC0-301F-11D3-BF4B-00C04F79EFBC}") = "Reservation.Domain", "src\Reservation.Domain\Reservation.Domain.csproj", "{59B67F6A-8D67-4505-8083-49F82E49307B}"
EndProject
Project("{FAE04EC0-301F-11D3-BF4B-00C04F79EFBC}") = "Reservation.Infrastructure", "src\Reservation.Infrastructure\Reservation.Infrastructure.csproj", "{01A56C4B-6B97-438B-8EAB-0C4E27B1BE11}"
EndProject
Global
	GlobalSection(SolutionConfigurationPlatforms) = preSolution
		Debug|Any CPU = Debug|Any CPU
		Debug|x64 = Debug|x64
		Debug|x86 = Debug|x86
		Release|Any CPU = Release|Any CPU
		Release|x64 = Release|x64
		Release|x86 = Release|x86
	EndGlobalSection
	GlobalSection(ProjectConfigurationPlatforms) = postSolution
		{46250681-22D0-48C7-93EB-CE7AAF88D426}.Debug|Any CPU.ActiveCfg = Debug|Any CPU
		{46250681-22D0-48C7-93EB-CE7AAF88D426}.Debug|Any CPU.Build.0 = Debug|Any CPU
		{46250681-22D0-48C7-93EB-CE7AAF88D426}.Debug|x64.ActiveCfg = Debug|Any CPU
		{46250681-22D0-48C7-93EB-CE7AAF88D426}.Debug|x64.Build.0 = Debug|Any CPU
		{46250681-22D0-48C7-93EB-CE7AAF88D426}.Debug|x86.ActiveCfg = Debug|Any CPU
		{46250681-22D0-48C7-93EB-CE7AAF88D426}.Debug|x86.Build.0 = Debug|Any CPU
		{46250681-22D0-48C7-93EB-CE7AAF88D426}.Release|Any CPU.ActiveCfg = Release|Any CPU
		{46250681-22D0-48C7-93EB-CE7AAF88D426}.Release|Any CPU.Build.0 = Release|Any CPU
		{46250681-22D0-48C7-93EB-CE7AAF88D426}.Release|x64.ActiveCfg = Release|Any CPU
		{46250681-22D0-48C7-93EB-CE7AAF88D426}.Release|x64.Build.0 = Release|Any CPU
		{46250681-22D0-48C7-93EB-CE7AAF88D426}.Release|x86.ActiveCfg = Release|Any CPU
		{46250681-22D0-48C7-93EB-CE7AAF88D426}.Release|x86.Build.0 = Release|Any CPU
		{D56767E4-E033-42B3-A554-C05BF81E873F}.Debug|Any CPU.ActiveCfg = Debug|Any CPU
		{D56767E4-E033-42B3-A554-C05BF81E873F}.Debug|Any CPU.Build.0 = Debug|Any CPU
		{D56767E4-E033-42B3-A554-C05BF81E873F}.Debug|x64.ActiveCfg = Debug|Any CPU
		{D56767E4-E033-42B3-A554-C05BF81E873F}.Debug|x64.Build.0 = Debug|Any CPU
		{D56767E4-E033-42B3-A554-C05BF81E873F}.Debug|x86.ActiveCfg = Debug|Any CPU
		{D56767E4-E033-42B3-A554-C05BF81E873F}.Debug|x86.Build.0 = Debug|Any CPU
		{D56767E4-E033-42B3-A554-C05BF81E873F}.Release|Any CPU.ActiveCfg = Release|Any CPU
		{D56767E4-E033-42B3-A554-C05BF81E873F}.Release|Any CPU.Build.0 = Release|Any CPU
		{D56767E4-E033-42B3-A554-C05BF81E873F}.Release|x64.ActiveCfg = Release|Any CPU
		{D56767E4-E033-42B3-A554-C05BF81E873F}.Release|x64.Build.0 = Release|Any CPU
		{D56767E4-E033-42B3-A554-C05BF81E873F}.Release|x86.ActiveCfg = Release|Any CPU
		{D56767E4-E033-42B3-A554-C05BF81E873F}.Release|x86.Build.0 = Release|Any CPU
		{59B67F6A-8D67-4505-8083-49F82E49307B}.Debug|Any CPU.ActiveCfg = Debug|Any CPU
		{59B67F6A-8D67-4505-8083-49F82E49307B}.Debug|Any CPU.Build.0 = Debug|Any CPU
		{59B67F6A-8D67-4505-8083-49F82E49307B}.Debug|x64.ActiveCfg = Debug|Any CPU
		{59B67F6A-8D67-4505-8083-49F82E49307B}.Debug|x64.Build.0 = Debug|Any CPU
		{59B67F6A-8D67-4505-8083-49F82E49307B}.Debug|x86.ActiveCfg = Debug|Any CPU
		{59B67F6A-8D67-4505-8083-49F82E49307B}.Debug|x86.Build.0 = Debug|Any CPU
		{59B67F6A-8D67-4505-8083-49F82E49307B}.Release|Any CPU.ActiveCfg = Release|Any CPU
		{59B67F6A-8D67-4505-8083-49F82E49307B}.Release|Any CPU.Build.0 = Release|Any CPU
		{59B67F6A-8D67-4505-8083-49F82E49307B}.Release|x64.ActiveCfg = Release|Any CPU
		{59B67F6A-8D67-4505-8083-49F82E49307B}.Release|x64.Build.0 = Release|Any CPU
		{59B67F6A-8D67-4505-8083-49F82E49307B}.Release|x86.ActiveCfg = Release|Any CPU
		{59B67F6A-8D67-4505-8083-49F82E49307B}.Release|x86.Build.0 = Release|Any CPU
		{01A56C4B-6B97-438B-8EAB-0C4E27B1BE11}.Debug|Any CPU.ActiveCfg = Debug|Any CPU
		{01A56C4B-6B97-438B-8EAB-0C4E27B1BE11}.Debug|Any CPU.Build.0 = Debug|Any CPU
		{01A56C4B-6B97-438B-8EAB-0C4E27B1BE11}.Debug|x64.ActiveCfg = Debug|Any CPU
		{01A56C4B-6B97-438B-8EAB-0C4E27B1BE11}.Debug|x64.Build.0 = Debug|Any CPU
		{01A56C4B-6B97-438B-8EAB-0C4E27B1BE11}.Debug|x86.ActiveCfg = Debug|Any CPU
		{01A56C4B-6B97-438B-8EAB-0C4E27B1BE11}.Debug|x86.Build.0 = Debug|Any CPU
		{01A56C4B-6B97-438B-8EAB-0C4E27B1BE11}.Release|Any CPU.ActiveCfg = Release|Any CPU
		{01A56C4B-6B97-438B-8EAB-0C4E27B1BE11}.Release|Any CPU.Build.0 = Release|Any CPU
		{01A56C4B-6B97-438B-8EAB-0C4E27B1BE11}.Release|x64.ActiveCfg = Release|Any CPU
		{01A56C4B-6B97-438B-8EAB-0C4E27B1BE11}.Release|x64.Build.0 = Release|Any CPU
		{01A56C4B-6B97-438B-8EAB-0C4E27B1BE11}.Release|x86.ActiveCfg = Release|Any CPU
		{01A56C4B-6B97-438B-8EAB-0C4E27B1BE11}.Release|x86.Build.0 = Release|Any CPU
	EndGlobalSection
	GlobalSection(SolutionProperties) = preSolution
		HideSolutionNode = FALSE
	EndGlobalSection
	GlobalSection(NestedProjects) = preSolution
		{46250681-22D0-48C7-93EB-CE7AAF88D426} = {827E0CD3-B72D-47B6-A68D-7590B98EB39B}
		{D56767E4-E033-42B3-A554-C05BF81E873F} = {827E0CD3-B72D-47B6-A68D-7590B98EB39B}
		{59B67F6A-8D67-4505-8083-49F82E49307B} = {827E0CD3-B72D-47B6-A68D-7590B98EB39B}
		{01A56C4B-6B97-438B-8EAB-0C4E27B1BE11} = {827E0CD3-B72D-47B6-A68D-7590B98EB39B}
	EndGlobalSection
EndGlobal
